// !$*UTF8*$!
{
	archiveVersion = 1;
	classes = {
	};
	objectVersion = 56;
	objects = {

/* Begin PBXBuildFile section */
		EF78661F2A2E47BD006CC728 /* FavoriteButton.swift in Sources */ = {isa = PBXBuildFile; fileRef = EF78661E2A2E47BD006CC728 /* FavoriteButton.swift */; };
		EF9486292A26E7300070EE42 /* LandmarksApp.swift in Sources */ = {isa = PBXBuildFile; fileRef = EF9486282A26E7300070EE42 /* LandmarksApp.swift */; };
		EF94862B2A26E7300070EE42 /* ContentView.swift in Sources */ = {isa = PBXBuildFile; fileRef = EF94862A2A26E7300070EE42 /* ContentView.swift */; };
		EF94862D2A26E7330070EE42 /* Assets.xcassets in Resources */ = {isa = PBXBuildFile; fileRef = EF94862C2A26E7330070EE42 /* Assets.xcassets */; };
		EF9486302A26E7330070EE42 /* Preview Assets.xcassets in Resources */ = {isa = PBXBuildFile; fileRef = EF94862F2A26E7330070EE42 /* Preview Assets.xcassets */; };
		EF94863A2A26E7340070EE42 /* LandmarksTests.swift in Sources */ = {isa = PBXBuildFile; fileRef = EF9486392A26E7340070EE42 /* LandmarksTests.swift */; };
		EF9486442A26E7340070EE42 /* LandmarksUITests.swift in Sources */ = {isa = PBXBuildFile; fileRef = EF9486432A26E7340070EE42 /* LandmarksUITests.swift */; };
		EF9486462A26E7340070EE42 /* LandmarksUITestsLaunchTests.swift in Sources */ = {isa = PBXBuildFile; fileRef = EF9486452A26E7340070EE42 /* LandmarksUITestsLaunchTests.swift */; };
		EF9486532A296B970070EE42 /* CircleImage.swift in Sources */ = {isa = PBXBuildFile; fileRef = EF9486522A296B970070EE42 /* CircleImage.swift */; };
		EF9486552A296C790070EE42 /* MapView.swift in Sources */ = {isa = PBXBuildFile; fileRef = EF9486542A296C790070EE42 /* MapView.swift */; };
		EF9486592A29739C0070EE42 /* Landmark.swift in Sources */ = {isa = PBXBuildFile; fileRef = EF9486582A29739C0070EE42 /* Landmark.swift */; };
		EF94865B2A2975390070EE42 /* ModelData.swift in Sources */ = {isa = PBXBuildFile; fileRef = EF94865A2A2975390070EE42 /* ModelData.swift */; };
		EF9486602A2976ED0070EE42 /* landmarkData.json in Resources */ = {isa = PBXBuildFile; fileRef = EF94865F2A2976ED0070EE42 /* landmarkData.json */; };
		EF9486622A2978E90070EE42 /* LandmarkRow.swift in Sources */ = {isa = PBXBuildFile; fileRef = EF9486612A2978E90070EE42 /* LandmarkRow.swift */; };
		EF9486642A2AB3A10070EE42 /* LandmarkList.swift in Sources */ = {isa = PBXBuildFile; fileRef = EF9486632A2AB3A10070EE42 /* LandmarkList.swift */; };
		EF9486662A2AC0590070EE42 /* LandmarkDetail.swift in Sources */ = {isa = PBXBuildFile; fileRef = EF9486652A2AC0590070EE42 /* LandmarkDetail.swift */; };
		EF9FACD92A3510D40012E333 /* CategoryHome.swift in Sources */ = {isa = PBXBuildFile; fileRef = EF9FACD82A3510D40012E333 /* CategoryHome.swift */; };
		EF9FACDB2A3528200012E333 /* CategoryRow.swift in Sources */ = {isa = PBXBuildFile; fileRef = EF9FACDA2A3528200012E333 /* CategoryRow.swift */; };
		EF9FACDD2A3655AF0012E333 /* CategoryItem.swift in Sources */ = {isa = PBXBuildFile; fileRef = EF9FACDC2A3655AF0012E333 /* CategoryItem.swift */; };
		EFE668632A2E8C810055EE5E /* HexagonParameters.swift in Sources */ = {isa = PBXBuildFile; fileRef = EFE668622A2E8C810055EE5E /* HexagonParameters.swift */; };
		EFE668672A2E8EF30055EE5E /* BadgeBackground.swift in Sources */ = {isa = PBXBuildFile; fileRef = EFE668662A2E8EF30055EE5E /* BadgeBackground.swift */; };
		EFE668692A2E966E0055EE5E /* BadgeSymbol.swift in Sources */ = {isa = PBXBuildFile; fileRef = EFE668682A2E966E0055EE5E /* BadgeSymbol.swift */; };
		EFE6686B2A2E979B0055EE5E /* RotatedBadgeSymbol.swift in Sources */ = {isa = PBXBuildFile; fileRef = EFE6686A2A2E979B0055EE5E /* RotatedBadgeSymbol.swift */; };
		EFE6686D2A2E98370055EE5E /* Badge.swift in Sources */ = {isa = PBXBuildFile; fileRef = EFE6686C2A2E98370055EE5E /* Badge.swift */; };
		EFE668702A2E9B4D0055EE5E /* hikeData.json in Resources */ = {isa = PBXBuildFile; fileRef = EFE6686F2A2E9B4D0055EE5E /* hikeData.json */; };
		EFE668722A2E9B620055EE5E /* Hike.swift in Sources */ = {isa = PBXBuildFile; fileRef = EFE668712A2E9B620055EE5E /* Hike.swift */; };
		EFE668782A2E9C4B0055EE5E /* GraphCapsule.swift in Sources */ = {isa = PBXBuildFile; fileRef = EFE668742A2E9C4B0055EE5E /* GraphCapsule.swift */; };
		EFE668792A2E9C4B0055EE5E /* HikeGraph.swift in Sources */ = {isa = PBXBuildFile; fileRef = EFE668752A2E9C4B0055EE5E /* HikeGraph.swift */; };
		EFE6687A2A2E9C4B0055EE5E /* HikeDetail.swift in Sources */ = {isa = PBXBuildFile; fileRef = EFE668762A2E9C4B0055EE5E /* HikeDetail.swift */; };
		EFE6687B2A2E9C4B0055EE5E /* HikeView.swift in Sources */ = {isa = PBXBuildFile; fileRef = EFE668772A2E9C4B0055EE5E /* HikeView.swift */; };
/* End PBXBuildFile section */

/* Begin PBXContainerItemProxy section */
		EF9486362A26E7340070EE42 /* PBXContainerItemProxy */ = {
			isa = PBXContainerItemProxy;
			containerPortal = EF94861D2A26E7300070EE42 /* Project object */;
			proxyType = 1;
			remoteGlobalIDString = EF9486242A26E7300070EE42;
			remoteInfo = Landmarks;
		};
		EF9486402A26E7340070EE42 /* PBXContainerItemProxy */ = {
			isa = PBXContainerItemProxy;
			containerPortal = EF94861D2A26E7300070EE42 /* Project object */;
			proxyType = 1;
			remoteGlobalIDString = EF9486242A26E7300070EE42;
			remoteInfo = Landmarks;
		};
/* End PBXContainerItemProxy section */

/* Begin PBXFileReference section */
		EF78661E2A2E47BD006CC728 /* FavoriteButton.swift */ = {isa = PBXFileReference; lastKnownFileType = sourcecode.swift; path = FavoriteButton.swift; sourceTree = "<group>"; };
		EF9486252A26E7300070EE42 /* Landmarks.app */ = {isa = PBXFileReference; explicitFileType = wrapper.application; includeInIndex = 0; path = Landmarks.app; sourceTree = BUILT_PRODUCTS_DIR; };
		EF9486282A26E7300070EE42 /* LandmarksApp.swift */ = {isa = PBXFileReference; lastKnownFileType = sourcecode.swift; path = LandmarksApp.swift; sourceTree = "<group>"; };
		EF94862A2A26E7300070EE42 /* ContentView.swift */ = {isa = PBXFileReference; lastKnownFileType = sourcecode.swift; path = ContentView.swift; sourceTree = "<group>"; };
		EF94862C2A26E7330070EE42 /* Assets.xcassets */ = {isa = PBXFileReference; lastKnownFileType = folder.assetcatalog; path = Assets.xcassets; sourceTree = "<group>"; };
		EF94862F2A26E7330070EE42 /* Preview Assets.xcassets */ = {isa = PBXFileReference; lastKnownFileType = folder.assetcatalog; path = "Preview Assets.xcassets"; sourceTree = "<group>"; };
		EF9486352A26E7340070EE42 /* LandmarksTests.xctest */ = {isa = PBXFileReference; explicitFileType = wrapper.cfbundle; includeInIndex = 0; path = LandmarksTests.xctest; sourceTree = BUILT_PRODUCTS_DIR; };
		EF9486392A26E7340070EE42 /* LandmarksTests.swift */ = {isa = PBXFileReference; lastKnownFileType = sourcecode.swift; path = LandmarksTests.swift; sourceTree = "<group>"; };
		EF94863F2A26E7340070EE42 /* LandmarksUITests.xctest */ = {isa = PBXFileReference; explicitFileType = wrapper.cfbundle; includeInIndex = 0; path = LandmarksUITests.xctest; sourceTree = BUILT_PRODUCTS_DIR; };
		EF9486432A26E7340070EE42 /* LandmarksUITests.swift */ = {isa = PBXFileReference; lastKnownFileType = sourcecode.swift; path = LandmarksUITests.swift; sourceTree = "<group>"; };
		EF9486452A26E7340070EE42 /* LandmarksUITestsLaunchTests.swift */ = {isa = PBXFileReference; lastKnownFileType = sourcecode.swift; path = LandmarksUITestsLaunchTests.swift; sourceTree = "<group>"; };
		EF9486522A296B970070EE42 /* CircleImage.swift */ = {isa = PBXFileReference; lastKnownFileType = sourcecode.swift; path = CircleImage.swift; sourceTree = "<group>"; };
		EF9486542A296C790070EE42 /* MapView.swift */ = {isa = PBXFileReference; lastKnownFileType = sourcecode.swift; path = MapView.swift; sourceTree = "<group>"; };
		EF9486582A29739C0070EE42 /* Landmark.swift */ = {isa = PBXFileReference; lastKnownFileType = sourcecode.swift; path = Landmark.swift; sourceTree = "<group>"; };
		EF94865A2A2975390070EE42 /* ModelData.swift */ = {isa = PBXFileReference; lastKnownFileType = sourcecode.swift; path = ModelData.swift; sourceTree = "<group>"; };
		EF94865F2A2976ED0070EE42 /* landmarkData.json */ = {isa = PBXFileReference; fileEncoding = 4; lastKnownFileType = text.json; path = landmarkData.json; sourceTree = "<group>"; };
		EF9486612A2978E90070EE42 /* LandmarkRow.swift */ = {isa = PBXFileReference; lastKnownFileType = sourcecode.swift; path = LandmarkRow.swift; sourceTree = "<group>"; };
		EF9486632A2AB3A10070EE42 /* LandmarkList.swift */ = {isa = PBXFileReference; lastKnownFileType = sourcecode.swift; path = LandmarkList.swift; sourceTree = "<group>"; };
		EF9486652A2AC0590070EE42 /* LandmarkDetail.swift */ = {isa = PBXFileReference; lastKnownFileType = sourcecode.swift; path = LandmarkDetail.swift; sourceTree = "<group>"; };
		EF9FACD82A3510D40012E333 /* CategoryHome.swift */ = {isa = PBXFileReference; lastKnownFileType = sourcecode.swift; path = CategoryHome.swift; sourceTree = "<group>"; };
		EF9FACDA2A3528200012E333 /* CategoryRow.swift */ = {isa = PBXFileReference; lastKnownFileType = sourcecode.swift; path = CategoryRow.swift; sourceTree = "<group>"; };
		EF9FACDC2A3655AF0012E333 /* CategoryItem.swift */ = {isa = PBXFileReference; lastKnownFileType = sourcecode.swift; path = CategoryItem.swift; sourceTree = "<group>"; };
		EFE668622A2E8C810055EE5E /* HexagonParameters.swift */ = {isa = PBXFileReference; lastKnownFileType = sourcecode.swift; path = HexagonParameters.swift; sourceTree = "<group>"; };
		EFE668662A2E8EF30055EE5E /* BadgeBackground.swift */ = {isa = PBXFileReference; lastKnownFileType = sourcecode.swift; path = BadgeBackground.swift; sourceTree = "<group>"; };
		EFE668682A2E966E0055EE5E /* BadgeSymbol.swift */ = {isa = PBXFileReference; lastKnownFileType = sourcecode.swift; path = BadgeSymbol.swift; sourceTree = "<group>"; };
		EFE6686A2A2E979B0055EE5E /* RotatedBadgeSymbol.swift */ = {isa = PBXFileReference; lastKnownFileType = sourcecode.swift; path = RotatedBadgeSymbol.swift; sourceTree = "<group>"; };
		EFE6686C2A2E98370055EE5E /* Badge.swift */ = {isa = PBXFileReference; lastKnownFileType = sourcecode.swift; path = Badge.swift; sourceTree = "<group>"; };
		EFE6686F2A2E9B4D0055EE5E /* hikeData.json */ = {isa = PBXFileReference; fileEncoding = 4; lastKnownFileType = text.json; path = hikeData.json; sourceTree = "<group>"; };
		EFE668712A2E9B620055EE5E /* Hike.swift */ = {isa = PBXFileReference; lastKnownFileType = sourcecode.swift; path = Hike.swift; sourceTree = "<group>"; };
		EFE668742A2E9C4B0055EE5E /* GraphCapsule.swift */ = {isa = PBXFileReference; fileEncoding = 4; lastKnownFileType = sourcecode.swift; path = GraphCapsule.swift; sourceTree = "<group>"; };
		EFE668752A2E9C4B0055EE5E /* HikeGraph.swift */ = {isa = PBXFileReference; fileEncoding = 4; lastKnownFileType = sourcecode.swift; path = HikeGraph.swift; sourceTree = "<group>"; };
		EFE668762A2E9C4B0055EE5E /* HikeDetail.swift */ = {isa = PBXFileReference; fileEncoding = 4; lastKnownFileType = sourcecode.swift; path = HikeDetail.swift; sourceTree = "<group>"; };
		EFE668772A2E9C4B0055EE5E /* HikeView.swift */ = {isa = PBXFileReference; fileEncoding = 4; lastKnownFileType = sourcecode.swift; path = HikeView.swift; sourceTree = "<group>"; };
/* End PBXFileReference section */

/* Begin PBXFrameworksBuildPhase section */
		EF9486222A26E7300070EE42 /* Frameworks */ = {
			isa = PBXFrameworksBuildPhase;
			buildActionMask = 2147483647;
			files = (
			);
			runOnlyForDeploymentPostprocessing = 0;
		};
		EF9486322A26E7340070EE42 /* Frameworks */ = {
			isa = PBXFrameworksBuildPhase;
			buildActionMask = 2147483647;
			files = (
			);
			runOnlyForDeploymentPostprocessing = 0;
		};
		EF94863C2A26E7340070EE42 /* Frameworks */ = {
			isa = PBXFrameworksBuildPhase;
			buildActionMask = 2147483647;
			files = (
			);
			runOnlyForDeploymentPostprocessing = 0;
		};
/* End PBXFrameworksBuildPhase section */

/* Begin PBXGroup section */
		EF7866202A2E4893006CC728 /* Landmarks */ = {
			isa = PBXGroup;
			children = (
				EF9486632A2AB3A10070EE42 /* LandmarkList.swift */,
				EF9486652A2AC0590070EE42 /* LandmarkDetail.swift */,
				EF9486612A2978E90070EE42 /* LandmarkRow.swift */,
			);
			path = Landmarks;
			sourceTree = "<group>";
		};
		EF7866212A2E489C006CC728 /* Helpers */ = {
			isa = PBXGroup;
			children = (
				EF9486542A296C790070EE42 /* MapView.swift */,
				EF78661E2A2E47BD006CC728 /* FavoriteButton.swift */,
				EF9486522A296B970070EE42 /* CircleImage.swift */,
			);
			path = Helpers;
			sourceTree = "<group>";
		};
		EF94861C2A26E7300070EE42 = {
			isa = PBXGroup;
			children = (
				EF9486272A26E7300070EE42 /* Landmarks */,
				EF9486382A26E7340070EE42 /* LandmarksTests */,
				EF9486422A26E7340070EE42 /* LandmarksUITests */,
				EF9486262A26E7300070EE42 /* Products */,
			);
			sourceTree = "<group>";
		};
		EF9486262A26E7300070EE42 /* Products */ = {
			isa = PBXGroup;
			children = (
				EF9486252A26E7300070EE42 /* Landmarks.app */,
				EF9486352A26E7340070EE42 /* LandmarksTests.xctest */,
				EF94863F2A26E7340070EE42 /* LandmarksUITests.xctest */,
			);
			name = Products;
			sourceTree = "<group>";
		};
		EF9486272A26E7300070EE42 /* Landmarks */ = {
			isa = PBXGroup;
			children = (
				EF9486282A26E7300070EE42 /* LandmarksApp.swift */,
				EF94865E2A2976D20070EE42 /* Resources */,
				EF94865D2A2976C10070EE42 /* Model */,
				EF94865C2A2976A80070EE42 /* Views */,
				EF94862C2A26E7330070EE42 /* Assets.xcassets */,
				EF94862E2A26E7330070EE42 /* Preview Content */,
			);
			path = Landmarks;
			sourceTree = "<group>";
		};
		EF94862E2A26E7330070EE42 /* Preview Content */ = {
			isa = PBXGroup;
			children = (
				EF94862F2A26E7330070EE42 /* Preview Assets.xcassets */,
			);
			path = "Preview Content";
			sourceTree = "<group>";
		};
		EF9486382A26E7340070EE42 /* LandmarksTests */ = {
			isa = PBXGroup;
			children = (
				EF9486392A26E7340070EE42 /* LandmarksTests.swift */,
			);
			path = LandmarksTests;
			sourceTree = "<group>";
		};
		EF9486422A26E7340070EE42 /* LandmarksUITests */ = {
			isa = PBXGroup;
			children = (
				EF9486432A26E7340070EE42 /* LandmarksUITests.swift */,
				EF9486452A26E7340070EE42 /* LandmarksUITestsLaunchTests.swift */,
			);
			path = LandmarksUITests;
			sourceTree = "<group>";
		};
		EF94865C2A2976A80070EE42 /* Views */ = {
			isa = PBXGroup;
			children = (
				EFE668732A2E9C4B0055EE5E /* Hikes */,
				EF7866212A2E489C006CC728 /* Helpers */,
				EF94862A2A26E7300070EE42 /* ContentView.swift */,
				EF7866202A2E4893006CC728 /* Landmarks */,
				EFE6686E2A2E99540055EE5E /* Badges */,
				EF9FACD82A3510D40012E333 /* CategoryHome.swift */,
				EF9FACDA2A3528200012E333 /* CategoryRow.swift */,
				EF9FACDC2A3655AF0012E333 /* CategoryItem.swift */,
			);
			path = Views;
			sourceTree = "<group>";
		};
		EF94865D2A2976C10070EE42 /* Model */ = {
			isa = PBXGroup;
			children = (
				EF94865A2A2975390070EE42 /* ModelData.swift */,
				EF9486582A29739C0070EE42 /* Landmark.swift */,
				EFE668712A2E9B620055EE5E /* Hike.swift */,
			);
			path = Model;
			sourceTree = "<group>";
		};
		EF94865E2A2976D20070EE42 /* Resources */ = {
			isa = PBXGroup;
			children = (
				EFE6686F2A2E9B4D0055EE5E /* hikeData.json */,
				EF94865F2A2976ED0070EE42 /* landmarkData.json */,
			);
			path = Resources;
			sourceTree = "<group>";
		};
		EFE6686E2A2E99540055EE5E /* Badges */ = {
			isa = PBXGroup;
			children = (
				EFE668622A2E8C810055EE5E /* HexagonParameters.swift */,
				EFE668662A2E8EF30055EE5E /* BadgeBackground.swift */,
				EFE668682A2E966E0055EE5E /* BadgeSymbol.swift */,
				EFE6686A2A2E979B0055EE5E /* RotatedBadgeSymbol.swift */,
				EFE6686C2A2E98370055EE5E /* Badge.swift */,
			);
			path = Badges;
			sourceTree = "<group>";
		};
		EFE668732A2E9C4B0055EE5E /* Hikes */ = {
			isa = PBXGroup;
			children = (
				EFE668742A2E9C4B0055EE5E /* GraphCapsule.swift */,
				EFE668752A2E9C4B0055EE5E /* HikeGraph.swift */,
				EFE668762A2E9C4B0055EE5E /* HikeDetail.swift */,
				EFE668772A2E9C4B0055EE5E /* HikeView.swift */,
			);
			path = Hikes;
			sourceTree = "<group>";
		};
/* End PBXGroup section */

/* Begin PBXNativeTarget section */
		EF9486242A26E7300070EE42 /* Landmarks */ = {
			isa = PBXNativeTarget;
			buildConfigurationList = EF9486492A26E7340070EE42 /* Build configuration list for PBXNativeTarget "Landmarks" */;
			buildPhases = (
				EF9486212A26E7300070EE42 /* Sources */,
				EF9486222A26E7300070EE42 /* Frameworks */,
				EF9486232A26E7300070EE42 /* Resources */,
			);
			buildRules = (
			);
			dependencies = (
			);
			name = Landmarks;
			productName = Landmarks;
			productReference = EF9486252A26E7300070EE42 /* Landmarks.app */;
			productType = "com.apple.product-type.application";
		};
		EF9486342A26E7340070EE42 /* LandmarksTests */ = {
			isa = PBXNativeTarget;
			buildConfigurationList = EF94864C2A26E7340070EE42 /* Build configuration list for PBXNativeTarget "LandmarksTests" */;
			buildPhases = (
				EF9486312A26E7340070EE42 /* Sources */,
				EF9486322A26E7340070EE42 /* Frameworks */,
				EF9486332A26E7340070EE42 /* Resources */,
			);
			buildRules = (
			);
			dependencies = (
				EF9486372A26E7340070EE42 /* PBXTargetDependency */,
			);
			name = LandmarksTests;
			productName = LandmarksTests;
			productReference = EF9486352A26E7340070EE42 /* LandmarksTests.xctest */;
			productType = "com.apple.product-type.bundle.unit-test";
		};
		EF94863E2A26E7340070EE42 /* LandmarksUITests */ = {
			isa = PBXNativeTarget;
			buildConfigurationList = EF94864F2A26E7340070EE42 /* Build configuration list for PBXNativeTarget "LandmarksUITests" */;
			buildPhases = (
				EF94863B2A26E7340070EE42 /* Sources */,
				EF94863C2A26E7340070EE42 /* Frameworks */,
				EF94863D2A26E7340070EE42 /* Resources */,
			);
			buildRules = (
			);
			dependencies = (
				EF9486412A26E7340070EE42 /* PBXTargetDependency */,
			);
			name = LandmarksUITests;
			productName = LandmarksUITests;
			productReference = EF94863F2A26E7340070EE42 /* LandmarksUITests.xctest */;
			productType = "com.apple.product-type.bundle.ui-testing";
		};
/* End PBXNativeTarget section */

/* Begin PBXProject section */
		EF94861D2A26E7300070EE42 /* Project object */ = {
			isa = PBXProject;
			attributes = {
				BuildIndependentTargetsInParallel = 1;
				LastSwiftUpdateCheck = 1430;
				LastUpgradeCheck = 1430;
				TargetAttributes = {
					EF9486242A26E7300070EE42 = {
						CreatedOnToolsVersion = 14.3;
					};
					EF9486342A26E7340070EE42 = {
						CreatedOnToolsVersion = 14.3;
						TestTargetID = EF9486242A26E7300070EE42;
					};
					EF94863E2A26E7340070EE42 = {
						CreatedOnToolsVersion = 14.3;
						TestTargetID = EF9486242A26E7300070EE42;
					};
				};
			};
			buildConfigurationList = EF9486202A26E7300070EE42 /* Build configuration list for PBXProject "Landmarks" */;
			compatibilityVersion = "Xcode 14.0";
			developmentRegion = en;
			hasScannedForEncodings = 0;
			knownRegions = (
				en,
				Base,
			);
			mainGroup = EF94861C2A26E7300070EE42;
			productRefGroup = EF9486262A26E7300070EE42 /* Products */;
			projectDirPath = "";
			projectRoot = "";
			targets = (
				EF9486242A26E7300070EE42 /* Landmarks */,
				EF9486342A26E7340070EE42 /* LandmarksTests */,
				EF94863E2A26E7340070EE42 /* LandmarksUITests */,
			);
		};
/* End PBXProject section */

/* Begin PBXResourcesBuildPhase section */
		EF9486232A26E7300070EE42 /* Resources */ = {
			isa = PBXResourcesBuildPhase;
			buildActionMask = 2147483647;
			files = (
				EFE668702A2E9B4D0055EE5E /* hikeData.json in Resources */,
				EF9486302A26E7330070EE42 /* Preview Assets.xcassets in Resources */,
				EF9486602A2976ED0070EE42 /* landmarkData.json in Resources */,
				EF94862D2A26E7330070EE42 /* Assets.xcassets in Resources */,
			);
			runOnlyForDeploymentPostprocessing = 0;
		};
		EF9486332A26E7340070EE42 /* Resources */ = {
			isa = PBXResourcesBuildPhase;
			buildActionMask = 2147483647;
			files = (
			);
			runOnlyForDeploymentPostprocessing = 0;
		};
		EF94863D2A26E7340070EE42 /* Resources */ = {
			isa = PBXResourcesBuildPhase;
			buildActionMask = 2147483647;
			files = (
			);
			runOnlyForDeploymentPostprocessing = 0;
		};
/* End PBXResourcesBuildPhase section */

/* Begin PBXSourcesBuildPhase section */
		EF9486212A26E7300070EE42 /* Sources */ = {
			isa = PBXSourcesBuildPhase;
			buildActionMask = 2147483647;
			files = (
				EF9FACDB2A3528200012E333 /* CategoryRow.swift in Sources */,
				EF94862B2A26E7300070EE42 /* ContentView.swift in Sources */,
				EF9FACD92A3510D40012E333 /* CategoryHome.swift in Sources */,
				EFE668792A2E9C4B0055EE5E /* HikeGraph.swift in Sources */,
				EFE6686D2A2E98370055EE5E /* Badge.swift in Sources */,
				EF9486552A296C790070EE42 /* MapView.swift in Sources */,
				EFE668782A2E9C4B0055EE5E /* GraphCapsule.swift in Sources */,
				EF9486292A26E7300070EE42 /* LandmarksApp.swift in Sources */,
				EF78661F2A2E47BD006CC728 /* FavoriteButton.swift in Sources */,
				EF9FACDD2A3655AF0012E333 /* CategoryItem.swift in Sources */,
				EFE6687A2A2E9C4B0055EE5E /* HikeDetail.swift in Sources */,
				EFE668632A2E8C810055EE5E /* HexagonParameters.swift in Sources */,
				EFE668722A2E9B620055EE5E /* Hike.swift in Sources */,
				EFE6686B2A2E979B0055EE5E /* RotatedBadgeSymbol.swift in Sources */,
				EFE668692A2E966E0055EE5E /* BadgeSymbol.swift in Sources */,
				EF9486642A2AB3A10070EE42 /* LandmarkList.swift in Sources */,
				EFE6687B2A2E9C4B0055EE5E /* HikeView.swift in Sources */,
				EF9486662A2AC0590070EE42 /* LandmarkDetail.swift in Sources */,
				EFE668672A2E8EF30055EE5E /* BadgeBackground.swift in Sources */,
				EF9486532A296B970070EE42 /* CircleImage.swift in Sources */,
				EF9486592A29739C0070EE42 /* Landmark.swift in Sources */,
				EF9486622A2978E90070EE42 /* LandmarkRow.swift in Sources */,
				EF94865B2A2975390070EE42 /* ModelData.swift in Sources */,
			);
			runOnlyForDeploymentPostprocessing = 0;
		};
		EF9486312A26E7340070EE42 /* Sources */ = {
			isa = PBXSourcesBuildPhase;
			buildActionMask = 2147483647;
			files = (
				EF94863A2A26E7340070EE42 /* LandmarksTests.swift in Sources */,
			);
			runOnlyForDeploymentPostprocessing = 0;
		};
		EF94863B2A26E7340070EE42 /* Sources */ = {
			isa = PBXSourcesBuildPhase;
			buildActionMask = 2147483647;
			files = (
				EF9486462A26E7340070EE42 /* LandmarksUITestsLaunchTests.swift in Sources */,
				EF9486442A26E7340070EE42 /* LandmarksUITests.swift in Sources */,
			);
			runOnlyForDeploymentPostprocessing = 0;
		};
/* End PBXSourcesBuildPhase section */

/* Begin PBXTargetDependency section */
		EF9486372A26E7340070EE42 /* PBXTargetDependency */ = {
			isa = PBXTargetDependency;
			target = EF9486242A26E7300070EE42 /* Landmarks */;
			targetProxy = EF9486362A26E7340070EE42 /* PBXContainerItemProxy */;
		};
		EF9486412A26E7340070EE42 /* PBXTargetDependency */ = {
			isa = PBXTargetDependency;
			target = EF9486242A26E7300070EE42 /* Landmarks */;
			targetProxy = EF9486402A26E7340070EE42 /* PBXContainerItemProxy */;
		};
/* End PBXTargetDependency section */

/* Begin XCBuildConfiguration section */
		EF9486472A26E7340070EE42 /* Debug */ = {
			isa = XCBuildConfiguration;
			buildSettings = {
				ALWAYS_SEARCH_USER_PATHS = NO;
				CLANG_ANALYZER_NONNULL = YES;
				CLANG_ANALYZER_NUMBER_OBJECT_CONVERSION = YES_AGGRESSIVE;
				CLANG_CXX_LANGUAGE_STANDARD = "gnu++20";
				CLANG_ENABLE_MODULES = YES;
				CLANG_ENABLE_OBJC_ARC = YES;
				CLANG_ENABLE_OBJC_WEAK = YES;
				CLANG_WARN_BLOCK_CAPTURE_AUTORELEASING = YES;
				CLANG_WARN_BOOL_CONVERSION = YES;
				CLANG_WARN_COMMA = YES;
				CLANG_WARN_CONSTANT_CONVERSION = YES;
				CLANG_WARN_DEPRECATED_OBJC_IMPLEMENTATIONS = YES;
				CLANG_WARN_DIRECT_OBJC_ISA_USAGE = YES_ERROR;
				CLANG_WARN_DOCUMENTATION_COMMENTS = YES;
				CLANG_WARN_EMPTY_BODY = YES;
				CLANG_WARN_ENUM_CONVERSION = YES;
				CLANG_WARN_INFINITE_RECURSION = YES;
				CLANG_WARN_INT_CONVERSION = YES;
				CLANG_WARN_NON_LITERAL_NULL_CONVERSION = YES;
				CLANG_WARN_OBJC_IMPLICIT_RETAIN_SELF = YES;
				CLANG_WARN_OBJC_LITERAL_CONVERSION = YES;
				CLANG_WARN_OBJC_ROOT_CLASS = YES_ERROR;
				CLANG_WARN_QUOTED_INCLUDE_IN_FRAMEWORK_HEADER = YES;
				CLANG_WARN_RANGE_LOOP_ANALYSIS = YES;
				CLANG_WARN_STRICT_PROTOTYPES = YES;
				CLANG_WARN_SUSPICIOUS_MOVE = YES;
				CLANG_WARN_UNGUARDED_AVAILABILITY = YES_AGGRESSIVE;
				CLANG_WARN_UNREACHABLE_CODE = YES;
				CLANG_WARN__DUPLICATE_METHOD_MATCH = YES;
				COPY_PHASE_STRIP = NO;
				DEBUG_INFORMATION_FORMAT = dwarf;
				ENABLE_STRICT_OBJC_MSGSEND = YES;
				ENABLE_TESTABILITY = YES;
				GCC_C_LANGUAGE_STANDARD = gnu11;
				GCC_DYNAMIC_NO_PIC = NO;
				GCC_NO_COMMON_BLOCKS = YES;
				GCC_OPTIMIZATION_LEVEL = 0;
				GCC_PREPROCESSOR_DEFINITIONS = (
					"DEBUG=1",
					"$(inherited)",
				);
				GCC_WARN_64_TO_32_BIT_CONVERSION = YES;
				GCC_WARN_ABOUT_RETURN_TYPE = YES_ERROR;
				GCC_WARN_UNDECLARED_SELECTOR = YES;
				GCC_WARN_UNINITIALIZED_AUTOS = YES_AGGRESSIVE;
				GCC_WARN_UNUSED_FUNCTION = YES;
				GCC_WARN_UNUSED_VARIABLE = YES;
				IPHONEOS_DEPLOYMENT_TARGET = 16.4;
				MTL_ENABLE_DEBUG_INFO = INCLUDE_SOURCE;
				MTL_FAST_MATH = YES;
				ONLY_ACTIVE_ARCH = YES;
				SDKROOT = iphoneos;
				SWIFT_ACTIVE_COMPILATION_CONDITIONS = DEBUG;
				SWIFT_OPTIMIZATION_LEVEL = "-Onone";
			};
			name = Debug;
		};
		EF9486482A26E7340070EE42 /* Release */ = {
			isa = XCBuildConfiguration;
			buildSettings = {
				ALWAYS_SEARCH_USER_PATHS = NO;
				CLANG_ANALYZER_NONNULL = YES;
				CLANG_ANALYZER_NUMBER_OBJECT_CONVERSION = YES_AGGRESSIVE;
				CLANG_CXX_LANGUAGE_STANDARD = "gnu++20";
				CLANG_ENABLE_MODULES = YES;
				CLANG_ENABLE_OBJC_ARC = YES;
				CLANG_ENABLE_OBJC_WEAK = YES;
				CLANG_WARN_BLOCK_CAPTURE_AUTORELEASING = YES;
				CLANG_WARN_BOOL_CONVERSION = YES;
				CLANG_WARN_COMMA = YES;
				CLANG_WARN_CONSTANT_CONVERSION = YES;
				CLANG_WARN_DEPRECATED_OBJC_IMPLEMENTATIONS = YES;
				CLANG_WARN_DIRECT_OBJC_ISA_USAGE = YES_ERROR;
				CLANG_WARN_DOCUMENTATION_COMMENTS = YES;
				CLANG_WARN_EMPTY_BODY = YES;
				CLANG_WARN_ENUM_CONVERSION = YES;
				CLANG_WARN_INFINITE_RECURSION = YES;
				CLANG_WARN_INT_CONVERSION = YES;
				CLANG_WARN_NON_LITERAL_NULL_CONVERSION = YES;
				CLANG_WARN_OBJC_IMPLICIT_RETAIN_SELF = YES;
				CLANG_WARN_OBJC_LITERAL_CONVERSION = YES;
				CLANG_WARN_OBJC_ROOT_CLASS = YES_ERROR;
				CLANG_WARN_QUOTED_INCLUDE_IN_FRAMEWORK_HEADER = YES;
				CLANG_WARN_RANGE_LOOP_ANALYSIS = YES;
				CLANG_WARN_STRICT_PROTOTYPES = YES;
				CLANG_WARN_SUSPICIOUS_MOVE = YES;
				CLANG_WARN_UNGUARDED_AVAILABILITY = YES_AGGRESSIVE;
				CLANG_WARN_UNREACHABLE_CODE = YES;
				CLANG_WARN__DUPLICATE_METHOD_MATCH = YES;
				COPY_PHASE_STRIP = NO;
				DEBUG_INFORMATION_FORMAT = "dwarf-with-dsym";
				ENABLE_NS_ASSERTIONS = NO;
				ENABLE_STRICT_OBJC_MSGSEND = YES;
				GCC_C_LANGUAGE_STANDARD = gnu11;
				GCC_NO_COMMON_BLOCKS = YES;
				GCC_WARN_64_TO_32_BIT_CONVERSION = YES;
				GCC_WARN_ABOUT_RETURN_TYPE = YES_ERROR;
				GCC_WARN_UNDECLARED_SELECTOR = YES;
				GCC_WARN_UNINITIALIZED_AUTOS = YES_AGGRESSIVE;
				GCC_WARN_UNUSED_FUNCTION = YES;
				GCC_WARN_UNUSED_VARIABLE = YES;
				IPHONEOS_DEPLOYMENT_TARGET = 16.4;
				MTL_ENABLE_DEBUG_INFO = NO;
				MTL_FAST_MATH = YES;
				SDKROOT = iphoneos;
				SWIFT_COMPILATION_MODE = wholemodule;
				SWIFT_OPTIMIZATION_LEVEL = "-O";
				VALIDATE_PRODUCT = YES;
			};
			name = Release;
		};
		EF94864A2A26E7340070EE42 /* Debug */ = {
			isa = XCBuildConfiguration;
			buildSettings = {
				ASSETCATALOG_COMPILER_APPICON_NAME = AppIcon;
				ASSETCATALOG_COMPILER_GLOBAL_ACCENT_COLOR_NAME = AccentColor;
				CODE_SIGN_STYLE = Automatic;
				CURRENT_PROJECT_VERSION = 1;
				DEVELOPMENT_ASSET_PATHS = "\"Landmarks/Preview Content\"";
				ENABLE_PREVIEWS = YES;
				GENERATE_INFOPLIST_FILE = YES;
				INFOPLIST_KEY_UIApplicationSceneManifest_Generation = YES;
				INFOPLIST_KEY_UIApplicationSupportsIndirectInputEvents = YES;
				INFOPLIST_KEY_UILaunchScreen_Generation = YES;
				INFOPLIST_KEY_UISupportedInterfaceOrientations_iPad = "UIInterfaceOrientationPortrait UIInterfaceOrientationPortraitUpsideDown UIInterfaceOrientationLandscapeLeft UIInterfaceOrientationLandscapeRight";
				INFOPLIST_KEY_UISupportedInterfaceOrientations_iPhone = "UIInterfaceOrientationPortrait UIInterfaceOrientationLandscapeLeft UIInterfaceOrientationLandscapeRight";
				LD_RUNPATH_SEARCH_PATHS = (
					"$(inherited)",
					"@executable_path/Frameworks",
				);
				MARKETING_VERSION = 1.0;
				PRODUCT_BUNDLE_IDENTIFIER = JJ.Landmarks;
				PRODUCT_NAME = "$(TARGET_NAME)";
				SWIFT_EMIT_LOC_STRINGS = YES;
				SWIFT_VERSION = 5.0;
				TARGETED_DEVICE_FAMILY = "1,2";
			};
			name = Debug;
		};
		EF94864B2A26E7340070EE42 /* Release */ = {
			isa = XCBuildConfiguration;
			buildSettings = {
				ASSETCATALOG_COMPILER_APPICON_NAME = AppIcon;
				ASSETCATALOG_COMPILER_GLOBAL_ACCENT_COLOR_NAME = AccentColor;
				CODE_SIGN_STYLE = Automatic;
				CURRENT_PROJECT_VERSION = 1;
				DEVELOPMENT_ASSET_PATHS = "\"Landmarks/Preview Content\"";
				ENABLE_PREVIEWS = YES;
				GENERATE_INFOPLIST_FILE = YES;
				INFOPLIST_KEY_UIApplicationSceneManifest_Generation = YES;
				INFOPLIST_KEY_UIApplicationSupportsIndirectInputEvents = YES;
				INFOPLIST_KEY_UILaunchScreen_Generation = YES;
				INFOPLIST_KEY_UISupportedInterfaceOrientations_iPad = "UIInterfaceOrientationPortrait UIInterfaceOrientationPortraitUpsideDown UIInterfaceOrientationLandscapeLeft UIInterfaceOrientationLandscapeRight";
				INFOPLIST_KEY_UISupportedInterfaceOrientations_iPhone = "UIInterfaceOrientationPortrait UIInterfaceOrientationLandscapeLeft UIInterfaceOrientationLandscapeRight";
				LD_RUNPATH_SEARCH_PATHS = (
					"$(inherited)",
					"@executable_path/Frameworks",
				);
				MARKETING_VERSION = 1.0;
				PRODUCT_BUNDLE_IDENTIFIER = JJ.Landmarks;
				PRODUCT_NAME = "$(TARGET_NAME)";
				SWIFT_EMIT_LOC_STRINGS = YES;
				SWIFT_VERSION = 5.0;
				TARGETED_DEVICE_FAMILY = "1,2";
			};
			name = Release;
		};
		EF94864D2A26E7340070EE42 /* Debug */ = {
			isa = XCBuildConfiguration;
			buildSettings = {
				ALWAYS_EMBED_SWIFT_STANDARD_LIBRARIES = YES;
				BUNDLE_LOADER = "$(TEST_HOST)";
				CODE_SIGN_STYLE = Automatic;
				CURRENT_PROJECT_VERSION = 1;
				GENERATE_INFOPLIST_FILE = YES;
				IPHONEOS_DEPLOYMENT_TARGET = 16.4;
				MARKETING_VERSION = 1.0;
				PRODUCT_BUNDLE_IDENTIFIER = JJ.LandmarksTests;
				PRODUCT_NAME = "$(TARGET_NAME)";
				SWIFT_EMIT_LOC_STRINGS = NO;
				SWIFT_VERSION = 5.0;
				TARGETED_DEVICE_FAMILY = "1,2";
				TEST_HOST = "$(BUILT_PRODUCTS_DIR)/Landmarks.app/$(BUNDLE_EXECUTABLE_FOLDER_PATH)/Landmarks";
			};
			name = Debug;
		};
		EF94864E2A26E7340070EE42 /* Release */ = {
			isa = XCBuildConfiguration;
			buildSettings = {
				ALWAYS_EMBED_SWIFT_STANDARD_LIBRARIES = YES;
				BUNDLE_LOADER = "$(TEST_HOST)";
				CODE_SIGN_STYLE = Automatic;
				CURRENT_PROJECT_VERSION = 1;
				GENERATE_INFOPLIST_FILE = YES;
				IPHONEOS_DEPLOYMENT_TARGET = 16.4;
				MARKETING_VERSION = 1.0;
				PRODUCT_BUNDLE_IDENTIFIER = JJ.LandmarksTests;
				PRODUCT_NAME = "$(TARGET_NAME)";
				SWIFT_EMIT_LOC_STRINGS = NO;
				SWIFT_VERSION = 5.0;
				TARGETED_DEVICE_FAMILY = "1,2";
				TEST_HOST = "$(BUILT_PRODUCTS_DIR)/Landmarks.app/$(BUNDLE_EXECUTABLE_FOLDER_PATH)/Landmarks";
			};
			name = Release;
		};
		EF9486502A26E7340070EE42 /* Debug */ = {
			isa = XCBuildConfiguration;
			buildSettings = {
				ALWAYS_EMBED_SWIFT_STANDARD_LIBRARIES = YES;
				CODE_SIGN_STYLE = Automatic;
				CURRENT_PROJECT_VERSION = 1;
				GENERATE_INFOPLIST_FILE = YES;
				MARKETING_VERSION = 1.0;
				PRODUCT_BUNDLE_IDENTIFIER = JJ.LandmarksUITests;
				PRODUCT_NAME = "$(TARGET_NAME)";
				SWIFT_EMIT_LOC_STRINGS = NO;
				SWIFT_VERSION = 5.0;
				TARGETED_DEVICE_FAMILY = "1,2";
				TEST_TARGET_NAME = Landmarks;
			};
			name = Debug;
		};
		EF9486512A26E7340070EE42 /* Release */ = {
			isa = XCBuildConfiguration;
			buildSettings = {
				ALWAYS_EMBED_SWIFT_STANDARD_LIBRARIES = YES;
				CODE_SIGN_STYLE = Automatic;
				CURRENT_PROJECT_VERSION = 1;
				GENERATE_INFOPLIST_FILE = YES;
				MARKETING_VERSION = 1.0;
				PRODUCT_BUNDLE_IDENTIFIER = JJ.LandmarksUITests;
				PRODUCT_NAME = "$(TARGET_NAME)";
				SWIFT_EMIT_LOC_STRINGS = NO;
				SWIFT_VERSION = 5.0;
				TARGETED_DEVICE_FAMILY = "1,2";
				TEST_TARGET_NAME = Landmarks;
			};
			name = Release;
		};
/* End XCBuildConfiguration section */

/* Begin XCConfigurationList section */
		EF9486202A26E7300070EE42 /* Build configuration list for PBXProject "Landmarks" */ = {
			isa = XCConfigurationList;
			buildConfigurations = (
				EF9486472A26E7340070EE42 /* Debug */,
				EF9486482A26E7340070EE42 /* Release */,
			);
			defaultConfigurationIsVisible = 0;
			defaultConfigurationName = Release;
		};
		EF9486492A26E7340070EE42 /* Build configuration list for PBXNativeTarget "Landmarks" */ = {
			isa = XCConfigurationList;
			buildConfigurations = (
				EF94864A2A26E7340070EE42 /* Debug */,
				EF94864B2A26E7340070EE42 /* Release */,
			);
			defaultConfigurationIsVisible = 0;
			defaultConfigurationName = Release;
		};
		EF94864C2A26E7340070EE42 /* Build configuration list for PBXNativeTarget "LandmarksTests" */ = {
			isa = XCConfigurationList;
			buildConfigurations = (
				EF94864D2A26E7340070EE42 /* Debug */,
				EF94864E2A26E7340070EE42 /* Release */,
			);
			defaultConfigurationIsVisible = 0;
			defaultConfigurationName = Release;
		};
		EF94864F2A26E7340070EE42 /* Build configuration list for PBXNativeTarget "LandmarksUITests" */ = {
			isa = XCConfigurationList;
			buildConfigurations = (
				EF9486502A26E7340070EE42 /* Debug */,
				EF9486512A26E7340070EE42 /* Release */,
			);
			defaultConfigurationIsVisible = 0;
			defaultConfigurationName = Release;
		};
/* End XCConfigurationList section */
	};
	rootObject = EF94861D2A26E7300070EE42 /* Project object */;
}
